Microsoft Visual Studio Solution File, Format Version 12.00
# Visual Studio 14
VisualStudioVersion = 14.0.25123.0
MinimumVisualStudioVersion = 10.0.40219.1
Project("{FAE04EC0-301F-11D3-BF4B-00C04F79EFBC}") = "PRO_ReceiptsInvMgr.Domain", "PRO_ReceiptsInvMgr.Domain\PRO_ReceiptsInvMgr.Domain.csproj", "{47750C94-5D56-4E5F-84F1-8804B818951D}"
EndProject
Project("{FAE04EC0-301F-11D3-BF4B-00C04F79EFBC}") = "PRO_ReceiptsInvMgr.DAL", "PRO_ReceiptsInvMgr.DAL\PRO_ReceiptsInvMgr.DAL.csproj", "{CEA02DA3-7ACE-4D8C-A0C5-8A8D776777A3}"
EndProject
Project("{FAE04EC0-301F-11D3-BF4B-00C04F79EFBC}") = "PRO_ReceiptsInvMgr.BLL", "PRO_ReceiptsInvMgr.BLL\PRO_ReceiptsInvMgr.BLL.csproj", "{4776DF3C-C23E-400D-8D24-597E359B8FC8}"
EndProject
Project("{2150E333-8FDC-42A3-9474-1A3956D46DE8}") = "Implement", "Implement", "{AEA06A41-ABF3-4792-83A3-CE3700FA1686}"
EndProject
Project("{2150E333-8FDC-42A3-9474-1A3956D46DE8}") = "Support", "Support", "{30DC640C-F4DF-4463-8D86-8860094C62FC}"
EndProject
Project("{FAE04EC0-301F-11D3-BF4B-00C04F79EFBC}") = "PRO_ReceiptsInvMgr.Logging", "PRO_ReceiptsInvMgr.Logging\PRO_ReceiptsInvMgr.Logging.csproj", "{072DBA99-34A4-49CC-84D1-A6EF73B5E48D}"
EndProject
Project("{FAE04EC0-301F-11D3-BF4B-00C04F79EFBC}") = "PRO_ReceiptsInvMgr.Client", "PRO_ReceiptsInvMgr.Client\PRO_ReceiptsInvMgr.Client.csproj", "{D984E6AE-A6DB-412E-9CA0-AF2E02FE8238}"
EndProject
Project("{FAE04EC0-301F-11D3-BF4B-00C04F79EFBC}") = "PRO_ReceiptsInvMgr.Application", "PRO_ReceiptsInvMgr.Application\PRO_ReceiptsInvMgr.Application.csproj", "{C9B70378-7361-4A44-8B46-7ABC2A92CBB6}"
EndProject
Project("{FAE04EC0-301F-11D3-BF4B-00C04F79EFBC}") = "PRO_ReceiptsInvMgr.Model", "PRO_ReceiptsInvMgr.Model\PRO_ReceiptsInvMgr.Model.csproj", "{36EDAAC7-2EF0-46F5-AACE-41613BA57A4C}"
EndProject
Project("{FAE04EC0-301F-11D3-BF4B-00C04F79EFBC}") = "PRO_ReceiptsInvMgr.Core", "PRO_ReceiptsInvMgr.Core\PRO_ReceiptsInvMgr.Core.csproj", "{D3B6CC51-6259-472B-B42F-CAC1EE80C932}"
EndProject
Project("{FAE04EC0-301F-11D3-BF4B-00C04F79EFBC}") = "PRO_ReceiptsInvMgr.Resources", "PRO_ReceiptsInvMgr.Resources\PRO_ReceiptsInvMgr.Resources.csproj", "{E57903FA-9F44-48D9-B9F1-38D69D9E02D1}"
EndProject
Project("{FAE04EC0-301F-11D3-BF4B-00C04F79EFBC}") = "PRO_ReceiptsInvMgr.Component", "PRO_ReceiptsInvMgr.Component\PRO_ReceiptsInvMgr.Component.csproj", "{8AE2D3E3-3791-4702-A77F-26909442C848}"
EndProject
Project("{FAE04EC0-301F-11D3-BF4B-00C04F79EFBC}") = "PRO_ReceiptsInvMgr.UpdateApp", "PRO_ReceiptsInvMgr.UpdateApp\PRO_ReceiptsInvMgr.UpdateApp.csproj", "{1C59BF2A-4600-490C-8386-0F84643337EE}"
EndProject
Project("{FAE04EC0-301F-11D3-BF4B-00C04F79EFBC}") = "Util.Controls", "Util.Controls\Util.Controls.csproj", "{343F577E-6388-442C-B725-2EA6893AB221}"
EndProject
Global
	GlobalSection(SolutionConfigurationPlatforms) = preSolution
		Debug|Any CPU = Debug|Any CPU
		Debug|x86 = Debug|x86
		Release|Any CPU = Release|Any CPU
		Release|x86 = Release|x86
	EndGlobalSection
	GlobalSection(ProjectConfigurationPlatforms) = postSolution
		{47750C94-5D56-4E5F-84F1-8804B818951D}.Debug|Any CPU.ActiveCfg = Debug|Any CPU
		{47750C94-5D56-4E5F-84F1-8804B818951D}.Debug|Any CPU.Build.0 = Debug|Any CPU
		{47750C94-5D56-4E5F-84F1-8804B818951D}.Debug|x86.ActiveCfg = Debug|Any CPU
		{47750C94-5D56-4E5F-84F1-8804B818951D}.Debug|x86.Build.0 = Debug|Any CPU
		{47750C94-5D56-4E5F-84F1-8804B818951D}.Release|Any CPU.ActiveCfg = Release|Any CPU
		{47750C94-5D56-4E5F-84F1-8804B818951D}.Release|Any CPU.Build.0 = Release|Any CPU
		{47750C94-5D56-4E5F-84F1-8804B818951D}.Release|x86.ActiveCfg = Release|Any CPU
		{47750C94-5D56-4E5F-84F1-8804B818951D}.Release|x86.Build.0 = Release|Any CPU
		{CEA02DA3-7ACE-4D8C-A0C5-8A8D776777A3}.Debug|Any CPU.ActiveCfg = Debug|Any CPU
		{CEA02DA3-7ACE-4D8C-A0C5-8A8D776777A3}.Debug|Any CPU.Build.0 = Debug|Any CPU
		{CEA02DA3-7ACE-4D8C-A0C5-8A8D776777A3}.Debug|x86.ActiveCfg = Debug|Any CPU
		{CEA02DA3-7ACE-4D8C-A0C5-8A8D776777A3}.Debug|x86.Build.0 = Debug|Any CPU
		{CEA02DA3-7ACE-4D8C-A0C5-8A8D776777A3}.Release|Any CPU.ActiveCfg = Release|Any CPU
		{CEA02DA3-7ACE-4D8C-A0C5-8A8D776777A3}.Release|Any CPU.Build.0 = Release|Any CPU
		{CEA02DA3-7ACE-4D8C-A0C5-8A8D776777A3}.Release|x86.ActiveCfg = Release|Any CPU
		{CEA02DA3-7ACE-4D8C-A0C5-8A8D776777A3}.Release|x86.Build.0 = Release|Any CPU
		{4776DF3C-C23E-400D-8D24-597E359B8FC8}.Debug|Any CPU.ActiveCfg = Debug|Any CPU
		{4776DF3C-C23E-400D-8D24-597E359B8FC8}.Debug|Any CPU.Build.0 = Debug|Any CPU
		{4776DF3C-C23E-400D-8D24-597E359B8FC8}.Debug|x86.ActiveCfg = Debug|Any CPU
		{4776DF3C-C23E-400D-8D24-597E359B8FC8}.Debug|x86.Build.0 = Debug|Any CPU
		{4776DF3C-C23E-400D-8D24-597E359B8FC8}.Release|Any CPU.ActiveCfg = Release|Any CPU
		{4776DF3C-C23E-400D-8D24-597E359B8FC8}.Release|Any CPU.Build.0 = Release|Any CPU
		{4776DF3C-C23E-400D-8D24-597E359B8FC8}.Release|x86.ActiveCfg = Release|Any CPU
		{4776DF3C-C23E-400D-8D24-597E359B8FC8}.Release|x86.Build.0 = Release|Any CPU
		{072DBA99-34A4-49CC-84D1-A6EF73B5E48D}.Debug|Any CPU.ActiveCfg = Debug|Any CPU
		{072DBA99-34A4-49CC-84D1-A6EF73B5E48D}.Debug|Any CPU.Build.0 = Debug|Any CPU
		{072DBA99-34A4-49CC-84D1-A6EF73B5E48D}.Debug|x86.ActiveCfg = Debug|Any CPU
		{072DBA99-34A4-49CC-84D1-A6EF73B5E48D}.Debug|x86.Build.0 = Debug|Any CPU
		{072DBA99-34A4-49CC-84D1-A6EF73B5E48D}.Release|Any CPU.ActiveCfg = Release|Any CPU
		{072DBA99-34A4-49CC-84D1-A6EF73B5E48D}.Release|Any CPU.Build.0 = Release|Any CPU
		{072DBA99-34A4-49CC-84D1-A6EF73B5E48D}.Release|Any CPU.Deploy.0 = Release|Any CPU
		{072DBA99-34A4-49CC-84D1-A6EF73B5E48D}.Release|x86.ActiveCfg = Release|Any CPU
		{072DBA99-34A4-49CC-84D1-A6EF73B5E48D}.Release|x86.Build.0 = Release|Any CPU
		{D984E6AE-A6DB-412E-9CA0-AF2E02FE8238}.Debug|Any CPU.ActiveCfg = Debug|Any CPU
		{D984E6AE-A6DB-412E-9CA0-AF2E02FE8238}.Debug|Any CPU.Build.0 = Debug|Any CPU
		{D984E6AE-A6DB-412E-9CA0-AF2E02FE8238}.Debug|x86.ActiveCfg = Debug|Any CPU
		{D984E6AE-A6DB-412E-9CA0-AF2E02FE8238}.Debug|x86.Build.0 = Debug|Any CPU
		{D984E6AE-A6DB-412E-9CA0-AF2E02FE8238}.Release|Any CPU.ActiveCfg = Release|Any CPU
		{D984E6AE-A6DB-412E-9CA0-AF2E02FE8238}.Release|Any CPU.Build.0 = Release|Any CPU
		{D984E6AE-A6DB-412E-9CA0-AF2E02FE8238}.Release|x86.ActiveCfg = Release|Any CPU
		{D984E6AE-A6DB-412E-9CA0-AF2E02FE8238}.Release|x86.Build.0 = Release|Any CPU
		{C9B70378-7361-4A44-8B46-7ABC2A92CBB6}.Debug|Any CPU.ActiveCfg = Debug|Any CPU
		{C9B70378-7361-4A44-8B46-7ABC2A92CBB6}.Debug|Any CPU.Build.0 = Debug|Any CPU
		{C9B70378-7361-4A44-8B46-7ABC2A92CBB6}.Debug|x86.ActiveCfg = Debug|Any CPU
		{C9B70378-7361-4A44-8B46-7ABC2A92CBB6}.Debug|x86.Build.0 = Debug|Any CPU
		{C9B70378-7361-4A44-8B46-7ABC2A92CBB6}.Release|Any CPU.ActiveCfg = Release|Any CPU
		{C9B70378-7361-4A44-8B46-7ABC2A92CBB6}.Release|Any CPU.Build.0 = Release|Any CPU
		{C9B70378-7361-4A44-8B46-7ABC2A92CBB6}.Release|x86.ActiveCfg = Release|Any CPU
		{C9B70378-7361-4A44-8B46-7ABC2A92CBB6}.Release|x86.Build.0 = Release|Any CPU
		{36EDAAC7-2EF0-46F5-AACE-41613BA57A4C}.Debug|Any CPU.ActiveCfg = Debug|Any CPU
		{36EDAAC7-2EF0-46F5-AACE-41613BA57A4C}.Debug|Any CPU.Build.0 = Debug|Any CPU
		{36EDAAC7-2EF0-46F5-AACE-41613BA57A4C}.Debug|x86.ActiveCfg = Debug|Any CPU
		{36EDAAC7-2EF0-46F5-AACE-41613BA57A4C}.Debug|x86.Build.0 = Debug|Any CPU
		{36EDAAC7-2EF0-46F5-AACE-41613BA57A4C}.Release|Any CPU.ActiveCfg = Release|Any CPU
		{36EDAAC7-2EF0-46F5-AACE-41613BA57A4C}.Release|Any CPU.Build.0 = Release|Any CPU
		{36EDAAC7-2EF0-46F5-AACE-41613BA57A4C}.Release|x86.ActiveCfg = Release|Any CPU
		{36EDAAC7-2EF0-46F5-AACE-41613BA57A4C}.Release|x86.Build.0 = Release|Any CPU
		{D3B6CC51-6259-472B-B42F-CAC1EE80C932}.Debug|Any CPU.ActiveCfg = Debug|Any CPU
		{D3B6CC51-6259-472B-B42F-CAC1EE80C932}.Debug|Any CPU.Build.0 = Debug|Any CPU
		{D3B6CC51-6259-472B-B42F-CAC1EE80C932}.Debug|x86.ActiveCfg = Debug|Any CPU
		{D3B6CC51-6259-472B-B42F-CAC1EE80C932}.Debug|x86.Build.0 = Debug|Any CPU
		{D3B6CC51-6259-472B-B42F-CAC1EE80C932}.Release|Any CPU.ActiveCfg = Release|Any CPU
		{D3B6CC51-6259-472B-B42F-CAC1EE80C932}.Release|Any CPU.Build.0 = Release|Any CPU
		{D3B6CC51-6259-472B-B42F-CAC1EE80C932}.Release|Any CPU.Deploy.0 = Release|Any CPU
		{D3B6CC51-6259-472B-B42F-CAC1EE80C932}.Release|x86.ActiveCfg = Release|Any CPU
		{D3B6CC51-6259-472B-B42F-CAC1EE80C932}.Release|x86.Build.0 = Release|Any CPU
		{E57903FA-9F44-48D9-B9F1-38D69D9E02D1}.Debug|Any CPU.ActiveCfg = Debug|Any CPU
		{E57903FA-9F44-48D9-B9F1-38D69D9E02D1}.Debug|Any CPU.Build.0 = Debug|Any CPU
		{E57903FA-9F44-48D9-B9F1-38D69D9E02D1}.Debug|x86.ActiveCfg = Debug|Any CPU
		{E57903FA-9F44-48D9-B9F1-38D69D9E02D1}.Debug|x86.Build.0 = Debug|Any CPU
		{E57903FA-9F44-48D9-B9F1-38D69D9E02D1}.Release|Any CPU.ActiveCfg = Release|Any CPU
		{E57903FA-9F44-48D9-B9F1-38D69D9E02D1}.Release|Any CPU.Build.0 = Release|Any CPU
		{E57903FA-9F44-48D9-B9F1-38D69D9E02D1}.Release|x86.ActiveCfg = Release|Any CPU
		{E57903FA-9F44-48D9-B9F1-38D69D9E02D1}.Release|x86.Build.0 = Release|Any CPU
		{8AE2D3E3-3791-4702-A77F-26909442C848}.Debug|Any CPU.ActiveCfg = Debug|Any CPU
		{8AE2D3E3-3791-4702-A77F-26909442C848}.Debug|Any CPU.Build.0 = Debug|Any CPU
		{8AE2D3E3-3791-4702-A77F-26909442C848}.Debug|x86.ActiveCfg = Debug|Any CPU
		{8AE2D3E3-3791-4702-A77F-26909442C848}.Debug|x86.Build.0 = Debug|Any CPU
		{8AE2D3E3-3791-4702-A77F-26909442C848}.Release|Any CPU.ActiveCfg = Release|Any CPU
		{8AE2D3E3-3791-4702-A77F-26909442C848}.Release|Any CPU.Build.0 = Release|Any CPU
		{8AE2D3E3-3791-4702-A77F-26909442C848}.Release|x86.ActiveCfg = Release|Any CPU
		{8AE2D3E3-3791-4702-A77F-26909442C848}.Release|x86.Build.0 = Release|Any CPU
		{1C59BF2A-4600-490C-8386-0F84643337EE}.Debug|Any CPU.ActiveCfg = Debug|Any CPU
		{1C59BF2A-4600-490C-8386-0F84643337EE}.Debug|Any CPU.Build.0 = Debug|Any CPU
		{1C59BF2A-4600-490C-8386-0F84643337EE}.Debug|x86.ActiveCfg = Debug|Any CPU
		{1C59BF2A-4600-490C-8386-0F84643337EE}.Debug|x86.Build.0 = Debug|Any CPU
		{1C59BF2A-4600-490C-8386-0F84643337EE}.Release|Any CPU.ActiveCfg = Release|Any CPU
		{1C59BF2A-4600-490C-8386-0F84643337EE}.Release|Any CPU.Build.0 = Release|Any CPU
		{1C59BF2A-4600-490C-8386-0F84643337EE}.Release|x86.ActiveCfg = Release|Any CPU
		{1C59BF2A-4600-490C-8386-0F84643337EE}.Release|x86.Build.0 = Release|Any CPU
		{343F577E-6388-442C-B725-2EA6893AB221}.Debug|Any CPU.ActiveCfg = Debug|Any CPU
		{343F577E-6388-442C-B725-2EA6893AB221}.Debug|Any CPU.Build.0 = Debug|Any CPU
		{343F577E-6388-442C-B725-2EA6893AB221}.Debug|x86.ActiveCfg = Debug|x86
		{343F577E-6388-442C-B725-2EA6893AB221}.Debug|x86.Build.0 = Debug|x86
		{343F577E-6388-442C-B725-2EA6893AB221}.Release|Any CPU.ActiveCfg = Release|Any CPU
		{343F577E-6388-442C-B725-2EA6893AB221}.Release|Any CPU.Build.0 = Release|Any CPU
		{343F577E-6388-442C-B725-2EA6893AB221}.Release|x86.ActiveCfg = Release|x86
		{343F577E-6388-442C-B725-2EA6893AB221}.Release|x86.Build.0 = Release|x86
	EndGlobalSection
	GlobalSection(SolutionProperties) = preSolution
		HideSolutionNode = FALSE
	EndGlobalSection
	GlobalSection(NestedProjects) = preSolution
		{47750C94-5D56-4E5F-84F1-8804B818951D} = {AEA06A41-ABF3-4792-83A3-CE3700FA1686}
		{CEA02DA3-7ACE-4D8C-A0C5-8A8D776777A3} = {AEA06A41-ABF3-4792-83A3-CE3700FA1686}
		{4776DF3C-C23E-400D-8D24-597E359B8FC8} = {AEA06A41-ABF3-4792-83A3-CE3700FA1686}
		{072DBA99-34A4-49CC-84D1-A6EF73B5E48D} = {30DC640C-F4DF-4463-8D86-8860094C62FC}
		{36EDAAC7-2EF0-46F5-AACE-41613BA57A4C} = {AEA06A41-ABF3-4792-83A3-CE3700FA1686}
		{D3B6CC51-6259-472B-B42F-CAC1EE80C932} = {30DC640C-F4DF-4463-8D86-8860094C62FC}
	EndGlobalSection
EndGlobal
